// !$*UTF8*$!
{
	archiveVersion = 1;
	classes = {
	};
	objectVersion = 50;
	objects = {

/* Begin PBXBuildFile section */
		1F03610921D943390044E5A1 /* CredentialProvider.swift in Sources */ = {isa = PBXBuildFile; fileRef = 1F03610821D943390044E5A1 /* CredentialProvider.swift */; };
		1F0D9D4F21CFD16F0014ED45 /* ViewPasswordsViewController.swift in Sources */ = {isa = PBXBuildFile; fileRef = 1F0D9D4E21CFD16F0014ED45 /* ViewPasswordsViewController.swift */; };
		1F0D9D5121D10DDA0014ED45 /* UsernamesDataSource.swift in Sources */ = {isa = PBXBuildFile; fileRef = 1F0D9D5021D10DDA0014ED45 /* UsernamesDataSource.swift */; };
		1F0D9D5321D117E10014ED45 /* UsenameCell.swift in Sources */ = {isa = PBXBuildFile; fileRef = 1F0D9D5221D117E10014ED45 /* UsenameCell.swift */; };
		1F0D9D5921D263290014ED45 /* ObjectivePGP.framework in Frameworks */ = {isa = PBXBuildFile; fileRef = 1F0D9D5821D263290014ED45 /* ObjectivePGP.framework */; };
		1F0D9D5B21D263360014ED45 /* ObjectivePGP.framework in Embed ObjectivePGP */ = {isa = PBXBuildFile; fileRef = 1F0D9D5821D263290014ED45 /* ObjectivePGP.framework */; settings = {ATTRIBUTES = (CodeSignOnCopy, RemoveHeadersOnCopy, ); }; };
		1F0D9D5D21D264310014ED45 /* PasswordDecryptor.swift in Sources */ = {isa = PBXBuildFile; fileRef = 1F0D9D5C21D264310014ED45 /* PasswordDecryptor.swift */; };
		1F0D9D5F21D3C0020014ED45 /* BiometricAuth.swift in Sources */ = {isa = PBXBuildFile; fileRef = 1F0D9D5E21D3C0020014ED45 /* BiometricAuth.swift */; };
		1F0D9D6121D508FD0014ED45 /* KeychainSwift.framework in Frameworks */ = {isa = PBXBuildFile; fileRef = 1F0D9D6021D508FD0014ED45 /* KeychainSwift.framework */; };
		1F0D9D6321D50EE50014ED45 /* Keychain.swift in Sources */ = {isa = PBXBuildFile; fileRef = 1F0D9D6221D50EE50014ED45 /* Keychain.swift */; };
		1F1BF4FF21CC658E004162F1 /* Perform.framework in Frameworks */ = {isa = PBXBuildFile; fileRef = 1F1BF4FE21CC658E004162F1 /* Perform.framework */; };
		1F1BF50221CC79D9004162F1 /* ViewPasswordDirectoriesController.swift in Sources */ = {isa = PBXBuildFile; fileRef = 1F1BF50121CC79D9004162F1 /* ViewPasswordDirectoriesController.swift */; };
		1F1BF50421CC7E6B004162F1 /* Aspects.framework in Frameworks */ = {isa = PBXBuildFile; fileRef = 1F1BF50321CC7E6B004162F1 /* Aspects.framework */; };
		1F1BF53021CD47A6004162F1 /* DirectoriesTableViewDataSource.swift in Sources */ = {isa = PBXBuildFile; fileRef = 1F1BF52F21CD47A6004162F1 /* DirectoriesTableViewDataSource.swift */; };
		1F1BF53321CD4FB9004162F1 /* DirectoryCell.swift in Sources */ = {isa = PBXBuildFile; fileRef = 1F1BF53221CD4FB9004162F1 /* DirectoryCell.swift */; };
		1F1BF53721CD6CCE004162F1 /* Directory.swift in Sources */ = {isa = PBXBuildFile; fileRef = 1F1BF53621CD6CCE004162F1 /* Directory.swift */; };
		1F235F4D21D7BD28008CB194 /* ObjectivePGP.framework in Frameworks */ = {isa = PBXBuildFile; fileRef = 1F0D9D5821D263290014ED45 /* ObjectivePGP.framework */; };
		1F235F4F21D7BD59008CB194 /* ObjectivePGP.framework in Copy Files */ = {isa = PBXBuildFile; fileRef = 1F0D9D5821D263290014ED45 /* ObjectivePGP.framework */; settings = {ATTRIBUTES = (CodeSignOnCopy, RemoveHeadersOnCopy, ); }; };
		1F235F5021D7C0D4008CB194 /* AuthenticationServices.framework in Frameworks */ = {isa = PBXBuildFile; fileRef = 1F99E24D21D6A71D00A7F929 /* AuthenticationServices.framework */; };
		1F235F5C21D81379008CB194 /* FindPasswordFlow.storyboard in Resources */ = {isa = PBXBuildFile; fileRef = 1F235F5A21D81379008CB194 /* FindPasswordFlow.storyboard */; };
		1F235F5D21D81379008CB194 /* FindPasswordFlow.storyboard in Resources */ = {isa = PBXBuildFile; fileRef = 1F235F5A21D81379008CB194 /* FindPasswordFlow.storyboard */; };
		1F235F5F21D8154C008CB194 /* Segue.swift in Sources */ = {isa = PBXBuildFile; fileRef = 1F235F5E21D8154C008CB194 /* Segue.swift */; };
		1F235F6021D816A7008CB194 /* ViewPasswordDirectoriesController.swift in Sources */ = {isa = PBXBuildFile; fileRef = 1F1BF50121CC79D9004162F1 /* ViewPasswordDirectoriesController.swift */; };
		1F235F6321D8185B008CB194 /* DirectoriesDataSource.swift in Sources */ = {isa = PBXBuildFile; fileRef = 1F235F6221D8185B008CB194 /* DirectoriesDataSource.swift */; };
		1F235F6421D8185B008CB194 /* DirectoriesDataSource.swift in Sources */ = {isa = PBXBuildFile; fileRef = 1F235F6221D8185B008CB194 /* DirectoriesDataSource.swift */; };
		1F235F6521D8189C008CB194 /* Directory.swift in Sources */ = {isa = PBXBuildFile; fileRef = 1F1BF53621CD6CCE004162F1 /* Directory.swift */; };
		1F235F6621D8189F008CB194 /* Username.swift in Sources */ = {isa = PBXBuildFile; fileRef = 1F8BA98D21D671A50010D61B /* Username.swift */; };
		1F235F6821D8194F008CB194 /* DirectoriesTableViewDataSource.swift in Sources */ = {isa = PBXBuildFile; fileRef = 1F1BF52F21CD47A6004162F1 /* DirectoriesTableViewDataSource.swift */; };
		1F235F6921D81AB4008CB194 /* DirectoryCell.swift in Sources */ = {isa = PBXBuildFile; fileRef = 1F1BF53221CD4FB9004162F1 /* DirectoryCell.swift */; };
		1F235F6B21D83315008CB194 /* FSReader.swift in Sources */ = {isa = PBXBuildFile; fileRef = 1F235F6A21D83315008CB194 /* FSReader.swift */; };
		1F235F6C21D8341E008CB194 /* ViewPasswordsViewController.swift in Sources */ = {isa = PBXBuildFile; fileRef = 1F0D9D4E21CFD16F0014ED45 /* ViewPasswordsViewController.swift */; };
		1F235F6D21D83469008CB194 /* UsernamesDataSource.swift in Sources */ = {isa = PBXBuildFile; fileRef = 1F0D9D5021D10DDA0014ED45 /* UsernamesDataSource.swift */; };
		1F235F6E21D83471008CB194 /* UsenameCell.swift in Sources */ = {isa = PBXBuildFile; fileRef = 1F0D9D5221D117E10014ED45 /* UsenameCell.swift */; };
		1F235F7021D83578008CB194 /* PasswordSelectionDelegate.swift in Sources */ = {isa = PBXBuildFile; fileRef = 1F235F6F21D83578008CB194 /* PasswordSelectionDelegate.swift */; };
		1F235F7121D83578008CB194 /* PasswordSelectionDelegate.swift in Sources */ = {isa = PBXBuildFile; fileRef = 1F235F6F21D83578008CB194 /* PasswordSelectionDelegate.swift */; };
		1F235F7321D835F2008CB194 /* ViewPasswordsViewController+PasswordSelectionDelegate.swift in Sources */ = {isa = PBXBuildFile; fileRef = 1F235F7221D835F2008CB194 /* ViewPasswordsViewController+PasswordSelectionDelegate.swift */; };
		1F235F7421D841C7008CB194 /* KeychainSwift.framework in Frameworks */ = {isa = PBXBuildFile; fileRef = 1F0D9D6021D508FD0014ED45 /* KeychainSwift.framework */; };
		1F235F7521D841D4008CB194 /* Keychain.swift in Sources */ = {isa = PBXBuildFile; fileRef = 1F0D9D6221D50EE50014ED45 /* Keychain.swift */; };
		1F235F7621D8421A008CB194 /* PasswordDecryptor.swift in Sources */ = {isa = PBXBuildFile; fileRef = 1F0D9D5C21D264310014ED45 /* PasswordDecryptor.swift */; };
		1F4E9B2821DFC57B009E50FD /* ErrorAlerts.swift in Sources */ = {isa = PBXBuildFile; fileRef = 1F4E9B2721DFC57B009E50FD /* ErrorAlerts.swift */; };
		1F4E9B2A21DFF589009E50FD /* Onboarding.storyboard in Resources */ = {isa = PBXBuildFile; fileRef = 1F4E9B2921DFF589009E50FD /* Onboarding.storyboard */; };
		1F4E9B2C21DFF934009E50FD /* FSWatcher.swift in Sources */ = {isa = PBXBuildFile; fileRef = 1F4E9B2B21DFF934009E50FD /* FSWatcher.swift */; };
		1F4E9B4121E6DE1F009E50FD /* DetectPGPKeyViewController.swift in Sources */ = {isa = PBXBuildFile; fileRef = 1F4E9B4021E6DE1F009E50FD /* DetectPGPKeyViewController.swift */; };
		1F8BA98E21D671A50010D61B /* Username.swift in Sources */ = {isa = PBXBuildFile; fileRef = 1F8BA98D21D671A50010D61B /* Username.swift */; };
		1F8BA99021D671B70010D61B /* Error.swift in Sources */ = {isa = PBXBuildFile; fileRef = 1F8BA98F21D671B70010D61B /* Error.swift */; };
		1F8BA99421D681DB0010D61B /* NavigationViewController.swift in Sources */ = {isa = PBXBuildFile; fileRef = 1F8BA99321D681DB0010D61B /* NavigationViewController.swift */; };
		1F99E24E21D6A71D00A7F929 /* AuthenticationServices.framework in Frameworks */ = {isa = PBXBuildFile; fileRef = 1F99E24D21D6A71D00A7F929 /* AuthenticationServices.framework */; };
		1F99E25121D6A71D00A7F929 /* CredentialProviderViewController.swift in Sources */ = {isa = PBXBuildFile; fileRef = 1F99E25021D6A71D00A7F929 /* CredentialProviderViewController.swift */; };
		1F99E25421D6A71D00A7F929 /* MainInterface.storyboard in Resources */ = {isa = PBXBuildFile; fileRef = 1F99E25221D6A71D00A7F929 /* MainInterface.storyboard */; };
		1F99E25921D6A71D00A7F929 /* AutofillProvider.appex in Embed App Extensions */ = {isa = PBXBuildFile; fileRef = 1F99E24C21D6A71D00A7F929 /* AutofillProvider.appex */; settings = {ATTRIBUTES = (RemoveHeadersOnCopy, ); }; };
		1FB3BEF821EB7E1500D1184E /* Navigator.swift in Sources */ = {isa = PBXBuildFile; fileRef = 1FB3BEF721EB7E1500D1184E /* Navigator.swift */; };
		1FB3BEF921EB7E1500D1184E /* Navigator.swift in Sources */ = {isa = PBXBuildFile; fileRef = 1FB3BEF721EB7E1500D1184E /* Navigator.swift */; };
		1FDB3A2821D88C6000BC2795 /* BiometricAuth.swift in Sources */ = {isa = PBXBuildFile; fileRef = 1F0D9D5E21D3C0020014ED45 /* BiometricAuth.swift */; };
		ACCF587821CB143500A3A83F /* AppDelegate.swift in Sources */ = {isa = PBXBuildFile; fileRef = ACCF587721CB143500A3A83F /* AppDelegate.swift */; };
		ACCF587A21CB143500A3A83F /* FetchPasswordRepoViewController.swift in Sources */ = {isa = PBXBuildFile; fileRef = ACCF587921CB143500A3A83F /* FetchPasswordRepoViewController.swift */; };
		ACCF587D21CB143500A3A83F /* Main.storyboard in Resources */ = {isa = PBXBuildFile; fileRef = ACCF587B21CB143500A3A83F /* Main.storyboard */; };
		ACCF587F21CB143600A3A83F /* Assets.xcassets in Resources */ = {isa = PBXBuildFile; fileRef = ACCF587E21CB143600A3A83F /* Assets.xcassets */; };
		ACCF588221CB143600A3A83F /* LaunchScreen.storyboard in Resources */ = {isa = PBXBuildFile; fileRef = ACCF588021CB143600A3A83F /* LaunchScreen.storyboard */; };
		ACCF588C21CB1C6D00A3A83F /* Result.framework in Frameworks */ = {isa = PBXBuildFile; fileRef = ACCF588A21CB1C6D00A3A83F /* Result.framework */; };
		ACCF588D21CB1C6D00A3A83F /* SwiftGit2.framework in Frameworks */ = {isa = PBXBuildFile; fileRef = ACCF588B21CB1C6D00A3A83F /* SwiftGit2.framework */; };
		ACCF589121CB1DDF00A3A83F /* PersistentGit.swift in Sources */ = {isa = PBXBuildFile; fileRef = ACCF589021CB1DDF00A3A83F /* PersistentGit.swift */; };
/* End PBXBuildFile section */

/* Begin PBXContainerItemProxy section */
		1F99E25721D6A71D00A7F929 /* PBXContainerItemProxy */ = {
			isa = PBXContainerItemProxy;
			containerPortal = ACCF586C21CB143500A3A83F /* Project object */;
			proxyType = 1;
			remoteGlobalIDString = 1F99E24B21D6A71D00A7F929;
			remoteInfo = AutofillProvider;
		};
/* End PBXContainerItemProxy section */

/* Begin PBXCopyFilesBuildPhase section */
		1F0D9D5521D2627F0014ED45 /* Embed ObjectivePGP */ = {
			isa = PBXCopyFilesBuildPhase;
			buildActionMask = 2147483647;
			dstPath = "";
			dstSubfolderSpec = 10;
			files = (
				1F0D9D5B21D263360014ED45 /* ObjectivePGP.framework in Embed ObjectivePGP */,
			);
			name = "Embed ObjectivePGP";
			runOnlyForDeploymentPostprocessing = 0;
		};
		1F235F4E21D7BD4B008CB194 /* Copy Files */ = {
			isa = PBXCopyFilesBuildPhase;
			buildActionMask = 2147483647;
			dstPath = "";
			dstSubfolderSpec = 10;
			files = (
				1F235F4F21D7BD59008CB194 /* ObjectivePGP.framework in Copy Files */,
			);
			name = "Copy Files";
			runOnlyForDeploymentPostprocessing = 0;
		};
		1F99E25D21D6A71D00A7F929 /* Embed App Extensions */ = {
			isa = PBXCopyFilesBuildPhase;
			buildActionMask = 2147483647;
			dstPath = "";
			dstSubfolderSpec = 13;
			files = (
				1F99E25921D6A71D00A7F929 /* AutofillProvider.appex in Embed App Extensions */,
			);
			name = "Embed App Extensions";
			runOnlyForDeploymentPostprocessing = 0;
		};
/* End PBXCopyFilesBuildPhase section */

/* Begin PBXFileReference section */
		1F03610821D943390044E5A1 /* CredentialProvider.swift */ = {isa = PBXFileReference; lastKnownFileType = sourcecode.swift; path = CredentialProvider.swift; sourceTree = "<group>"; };
		1F0D9D4E21CFD16F0014ED45 /* ViewPasswordsViewController.swift */ = {isa = PBXFileReference; lastKnownFileType = sourcecode.swift; path = ViewPasswordsViewController.swift; sourceTree = "<group>"; };
		1F0D9D5021D10DDA0014ED45 /* UsernamesDataSource.swift */ = {isa = PBXFileReference; lastKnownFileType = sourcecode.swift; path = UsernamesDataSource.swift; sourceTree = "<group>"; };
		1F0D9D5221D117E10014ED45 /* UsenameCell.swift */ = {isa = PBXFileReference; lastKnownFileType = sourcecode.swift; path = UsenameCell.swift; sourceTree = "<group>"; };
		1F0D9D5821D263290014ED45 /* ObjectivePGP.framework */ = {isa = PBXFileReference; lastKnownFileType = wrapper.framework; name = ObjectivePGP.framework; path = Vendor/ObjectivePGP.framework; sourceTree = "<group>"; };
		1F0D9D5C21D264310014ED45 /* PasswordDecryptor.swift */ = {isa = PBXFileReference; lastKnownFileType = sourcecode.swift; path = PasswordDecryptor.swift; sourceTree = "<group>"; };
		1F0D9D5E21D3C0020014ED45 /* BiometricAuth.swift */ = {isa = PBXFileReference; lastKnownFileType = sourcecode.swift; path = BiometricAuth.swift; sourceTree = "<group>"; };
		1F0D9D6021D508FD0014ED45 /* KeychainSwift.framework */ = {isa = PBXFileReference; lastKnownFileType = wrapper.framework; name = KeychainSwift.framework; path = Carthage/Build/iOS/KeychainSwift.framework; sourceTree = "<group>"; };
		1F0D9D6221D50EE50014ED45 /* Keychain.swift */ = {isa = PBXFileReference; lastKnownFileType = sourcecode.swift; path = Keychain.swift; sourceTree = "<group>"; };
		1F1BF4FE21CC658E004162F1 /* Perform.framework */ = {isa = PBXFileReference; lastKnownFileType = wrapper.framework; name = Perform.framework; path = Carthage/Build/iOS/Perform.framework; sourceTree = "<group>"; };
		1F1BF50121CC79D9004162F1 /* ViewPasswordDirectoriesController.swift */ = {isa = PBXFileReference; lastKnownFileType = sourcecode.swift; path = ViewPasswordDirectoriesController.swift; sourceTree = "<group>"; };
		1F1BF50321CC7E6B004162F1 /* Aspects.framework */ = {isa = PBXFileReference; lastKnownFileType = wrapper.framework; name = Aspects.framework; path = Carthage/Build/iOS/Aspects.framework; sourceTree = "<group>"; };
		1F1BF52E21CD450A004162F1 /* passGUI.entitlements */ = {isa = PBXFileReference; lastKnownFileType = text.plist.entitlements; path = passGUI.entitlements; sourceTree = "<group>"; };
		1F1BF52F21CD47A6004162F1 /* DirectoriesTableViewDataSource.swift */ = {isa = PBXFileReference; lastKnownFileType = sourcecode.swift; path = DirectoriesTableViewDataSource.swift; sourceTree = "<group>"; };
		1F1BF53221CD4FB9004162F1 /* DirectoryCell.swift */ = {isa = PBXFileReference; lastKnownFileType = sourcecode.swift; path = DirectoryCell.swift; sourceTree = "<group>"; };
		1F1BF53621CD6CCE004162F1 /* Directory.swift */ = {isa = PBXFileReference; lastKnownFileType = sourcecode.swift; path = Directory.swift; sourceTree = "<group>"; };
		1F235F5B21D81379008CB194 /* Base */ = {isa = PBXFileReference; lastKnownFileType = file.storyboard; name = Base; path = passGUI/Base.lproj/FindPasswordFlow.storyboard; sourceTree = "<group>"; };
		1F235F5E21D8154C008CB194 /* Segue.swift */ = {isa = PBXFileReference; lastKnownFileType = sourcecode.swift; path = Segue.swift; sourceTree = "<group>"; };
		1F235F6221D8185B008CB194 /* DirectoriesDataSource.swift */ = {isa = PBXFileReference; lastKnownFileType = sourcecode.swift; path = DirectoriesDataSource.swift; sourceTree = "<group>"; };
		1F235F6A21D83315008CB194 /* FSReader.swift */ = {isa = PBXFileReference; lastKnownFileType = sourcecode.swift; path = FSReader.swift; sourceTree = "<group>"; };
		1F235F6F21D83578008CB194 /* PasswordSelectionDelegate.swift */ = {isa = PBXFileReference; lastKnownFileType = sourcecode.swift; path = PasswordSelectionDelegate.swift; sourceTree = "<group>"; };
		1F235F7221D835F2008CB194 /* ViewPasswordsViewController+PasswordSelectionDelegate.swift */ = {isa = PBXFileReference; lastKnownFileType = sourcecode.swift; path = "ViewPasswordsViewController+PasswordSelectionDelegate.swift"; sourceTree = "<group>"; };
		1F4E9B2721DFC57B009E50FD /* ErrorAlerts.swift */ = {isa = PBXFileReference; lastKnownFileType = sourcecode.swift; name = ErrorAlerts.swift; path = passGUI/services/ErrorAlerts.swift; sourceTree = SOURCE_ROOT; };
		1F4E9B2921DFF589009E50FD /* Onboarding.storyboard */ = {isa = PBXFileReference; lastKnownFileType = file.storyboard; path = Onboarding.storyboard; sourceTree = "<group>"; };
		1F4E9B2B21DFF934009E50FD /* FSWatcher.swift */ = {isa = PBXFileReference; lastKnownFileType = sourcecode.swift; name = FSWatcher.swift; path = passGUI/services/FSWatcher.swift; sourceTree = SOURCE_ROOT; };
		1F4E9B4021E6DE1F009E50FD /* DetectPGPKeyViewController.swift */ = {isa = PBXFileReference; lastKnownFileType = sourcecode.swift; path = DetectPGPKeyViewController.swift; sourceTree = "<group>"; };
		1F8BA98D21D671A50010D61B /* Username.swift */ = {isa = PBXFileReference; lastKnownFileType = sourcecode.swift; path = Username.swift; sourceTree = "<group>"; };
		1F8BA98F21D671B70010D61B /* Error.swift */ = {isa = PBXFileReference; lastKnownFileType = sourcecode.swift; path = Error.swift; sourceTree = "<group>"; };
		1F8BA99321D681DB0010D61B /* NavigationViewController.swift */ = {isa = PBXFileReference; lastKnownFileType = sourcecode.swift; path = NavigationViewController.swift; sourceTree = "<group>"; };
		1F99E24C21D6A71D00A7F929 /* AutofillProvider.appex */ = {isa = PBXFileReference; explicitFileType = "wrapper.app-extension"; includeInIndex = 0; path = AutofillProvider.appex; sourceTree = BUILT_PRODUCTS_DIR; };
		1F99E24D21D6A71D00A7F929 /* AuthenticationServices.framework */ = {isa = PBXFileReference; lastKnownFileType = wrapper.framework; name = AuthenticationServices.framework; path = System/Library/Frameworks/AuthenticationServices.framework; sourceTree = SDKROOT; };
		1F99E25021D6A71D00A7F929 /* CredentialProviderViewController.swift */ = {isa = PBXFileReference; lastKnownFileType = sourcecode.swift; path = CredentialProviderViewController.swift; sourceTree = "<group>"; };
		1F99E25321D6A71D00A7F929 /* Base */ = {isa = PBXFileReference; lastKnownFileType = file.storyboard; name = Base; path = Base.lproj/MainInterface.storyboard; sourceTree = "<group>"; };
		1F99E25521D6A71D00A7F929 /* Info.plist */ = {isa = PBXFileReference; lastKnownFileType = text.plist.xml; path = Info.plist; sourceTree = "<group>"; };
		1F99E25621D6A71D00A7F929 /* AutofillProvider.entitlements */ = {isa = PBXFileReference; lastKnownFileType = text.plist.entitlements; path = AutofillProvider.entitlements; sourceTree = "<group>"; };
		1FB3BEF721EB7E1500D1184E /* Navigator.swift */ = {isa = PBXFileReference; lastKnownFileType = sourcecode.swift; path = Navigator.swift; sourceTree = "<group>"; };
		ACCF587421CB143500A3A83F /* passGUI.app */ = {isa = PBXFileReference; explicitFileType = wrapper.application; includeInIndex = 0; path = passGUI.app; sourceTree = BUILT_PRODUCTS_DIR; };
		ACCF587721CB143500A3A83F /* AppDelegate.swift */ = {isa = PBXFileReference; lastKnownFileType = sourcecode.swift; path = AppDelegate.swift; sourceTree = "<group>"; };
		ACCF587921CB143500A3A83F /* FetchPasswordRepoViewController.swift */ = {isa = PBXFileReference; lastKnownFileType = sourcecode.swift; path = FetchPasswordRepoViewController.swift; sourceTree = "<group>"; };
		ACCF587C21CB143500A3A83F /* Base */ = {isa = PBXFileReference; lastKnownFileType = file.storyboard; name = Base; path = Base.lproj/Main.storyboard; sourceTree = "<group>"; };
		ACCF587E21CB143600A3A83F /* Assets.xcassets */ = {isa = PBXFileReference; lastKnownFileType = folder.assetcatalog; path = Assets.xcassets; sourceTree = "<group>"; };
		ACCF588121CB143600A3A83F /* Base */ = {isa = PBXFileReference; lastKnownFileType = file.storyboard; name = Base; path = Base.lproj/LaunchScreen.storyboard; sourceTree = "<group>"; };
		ACCF588321CB143600A3A83F /* Info.plist */ = {isa = PBXFileReference; lastKnownFileType = text.plist.xml; path = Info.plist; sourceTree = "<group>"; };
		ACCF588A21CB1C6D00A3A83F /* Result.framework */ = {isa = PBXFileReference; lastKnownFileType = wrapper.framework; name = Result.framework; path = Carthage/Build/iOS/Result.framework; sourceTree = "<group>"; };
		ACCF588B21CB1C6D00A3A83F /* SwiftGit2.framework */ = {isa = PBXFileReference; lastKnownFileType = wrapper.framework; name = SwiftGit2.framework; path = Carthage/Build/iOS/SwiftGit2.framework; sourceTree = "<group>"; };
		ACCF589021CB1DDF00A3A83F /* PersistentGit.swift */ = {isa = PBXFileReference; lastKnownFileType = sourcecode.swift; path = PersistentGit.swift; sourceTree = "<group>"; };
/* End PBXFileReference section */

/* Begin PBXFrameworksBuildPhase section */
		1F99E24921D6A71D00A7F929 /* Frameworks */ = {
			isa = PBXFrameworksBuildPhase;
			buildActionMask = 2147483647;
			files = (
				1F235F4D21D7BD28008CB194 /* ObjectivePGP.framework in Frameworks */,
				1F99E24E21D6A71D00A7F929 /* AuthenticationServices.framework in Frameworks */,
				1F235F7421D841C7008CB194 /* KeychainSwift.framework in Frameworks */,
			);
			runOnlyForDeploymentPostprocessing = 0;
		};
		ACCF587121CB143500A3A83F /* Frameworks */ = {
			isa = PBXFrameworksBuildPhase;
			buildActionMask = 2147483647;
			files = (
				1F0D9D6121D508FD0014ED45 /* KeychainSwift.framework in Frameworks */,
				1F235F5021D7C0D4008CB194 /* AuthenticationServices.framework in Frameworks */,
				1F0D9D5921D263290014ED45 /* ObjectivePGP.framework in Frameworks */,
				1F1BF50421CC7E6B004162F1 /* Aspects.framework in Frameworks */,
				1F1BF4FF21CC658E004162F1 /* Perform.framework in Frameworks */,
				ACCF588C21CB1C6D00A3A83F /* Result.framework in Frameworks */,
				ACCF588D21CB1C6D00A3A83F /* SwiftGit2.framework in Frameworks */,
			);
			runOnlyForDeploymentPostprocessing = 0;
		};
/* End PBXFrameworksBuildPhase section */

/* Begin PBXGroup section */
		1F1BF50021CC7962004162F1 /* ViewControllesrs */ = {
			isa = PBXGroup;
			children = (
				ACCF587921CB143500A3A83F /* FetchPasswordRepoViewController.swift */,
				1F8BA99321D681DB0010D61B /* NavigationViewController.swift */,
				1F235F7221D835F2008CB194 /* ViewPasswordsViewController+PasswordSelectionDelegate.swift */,
				1F4E9B4021E6DE1F009E50FD /* DetectPGPKeyViewController.swift */,
			);
			path = ViewControllesrs;
			sourceTree = "<group>";
		};
		1F1BF53121CD4FA0004162F1 /* Views */ = {
			isa = PBXGroup;
			children = (
				1F1BF53221CD4FB9004162F1 /* DirectoryCell.swift */,
				1F0D9D5221D117E10014ED45 /* UsenameCell.swift */,
			);
			path = Views;
			sourceTree = "<group>";
		};
		1F1BF53421CD6CB9004162F1 /* Models */ = {
			isa = PBXGroup;
			children = (
				1F8BA98F21D671B70010D61B /* Error.swift */,
			);
			path = Models;
			sourceTree = "<group>";
		};
		1F1BF53521CD6CC0004162F1 /* Extensions and Utilities */ = {
			isa = PBXGroup;
			children = (
				1F235F5E21D8154C008CB194 /* Segue.swift */,
			);
			path = "Extensions and Utilities";
			sourceTree = "<group>";
		};
		1F235F6121D81846008CB194 /* Protocols */ = {
			isa = PBXGroup;
			children = (
				1F235F6221D8185B008CB194 /* DirectoriesDataSource.swift */,
				1F235F6F21D83578008CB194 /* PasswordSelectionDelegate.swift */,
				1FB3BEF721EB7E1500D1184E /* Navigator.swift */,
			);
			path = Protocols;
			sourceTree = "<group>";
		};
		1F99E24F21D6A71D00A7F929 /* AutofillProvider */ = {
			isa = PBXGroup;
			children = (
				1F99E25021D6A71D00A7F929 /* CredentialProviderViewController.swift */,
				1F99E25221D6A71D00A7F929 /* MainInterface.storyboard */,
				1F99E25521D6A71D00A7F929 /* Info.plist */,
				1F99E25621D6A71D00A7F929 /* AutofillProvider.entitlements */,
				1F235F6A21D83315008CB194 /* FSReader.swift */,
				1F03610821D943390044E5A1 /* CredentialProvider.swift */,
			);
			path = AutofillProvider;
			sourceTree = "<group>";
		};
		1FDB3A2921D8907600BC2795 /* Shared */ = {
			isa = PBXGroup;
			children = (
				1F235F5A21D81379008CB194 /* FindPasswordFlow.storyboard */,
				1F1BF53121CD4FA0004162F1 /* Views */,
				1FDB3A2D21D890E700BC2795 /* Services */,
				1FDB3A2B21D890AA00BC2795 /* ViewControllers */,
				1FDB3A2A21D8909A00BC2795 /* Models */,
				1F235F6121D81846008CB194 /* Protocols */,
			);
			path = Shared;
			sourceTree = "<group>";
		};
		1FDB3A2A21D8909A00BC2795 /* Models */ = {
			isa = PBXGroup;
			children = (
				1F1BF53621CD6CCE004162F1 /* Directory.swift */,
				1F8BA98D21D671A50010D61B /* Username.swift */,
			);
			path = Models;
			sourceTree = "<group>";
		};
		1FDB3A2B21D890AA00BC2795 /* ViewControllers */ = {
			isa = PBXGroup;
			children = (
				1F1BF50121CC79D9004162F1 /* ViewPasswordDirectoriesController.swift */,
				1F0D9D4E21CFD16F0014ED45 /* ViewPasswordsViewController.swift */,
			);
			path = ViewControllers;
			sourceTree = "<group>";
		};
		1FDB3A2D21D890E700BC2795 /* Services */ = {
			isa = PBXGroup;
			children = (
				1F1BF52F21CD47A6004162F1 /* DirectoriesTableViewDataSource.swift */,
				1F0D9D5021D10DDA0014ED45 /* UsernamesDataSource.swift */,
				1F0D9D5C21D264310014ED45 /* PasswordDecryptor.swift */,
				1F0D9D5E21D3C0020014ED45 /* BiometricAuth.swift */,
				1F0D9D6221D50EE50014ED45 /* Keychain.swift */,
			);
			path = Services;
			sourceTree = "<group>";
		};
		ACCF586B21CB143500A3A83F = {
			isa = PBXGroup;
			children = (
				1FDB3A2921D8907600BC2795 /* Shared */,
				ACCF587621CB143500A3A83F /* passGUI */,
				1F99E24F21D6A71D00A7F929 /* AutofillProvider */,
				ACCF587521CB143500A3A83F /* Products */,
				ACCF588921CB1C6D00A3A83F /* Frameworks */,
			);
			sourceTree = "<group>";
		};
		ACCF587521CB143500A3A83F /* Products */ = {
			isa = PBXGroup;
			children = (
				ACCF587421CB143500A3A83F /* passGUI.app */,
				1F99E24C21D6A71D00A7F929 /* AutofillProvider.appex */,
			);
			name = Products;
			sourceTree = "<group>";
		};
		ACCF587621CB143500A3A83F /* passGUI */ = {
			isa = PBXGroup;
			children = (
				1F1BF52E21CD450A004162F1 /* passGUI.entitlements */,
				1F1BF53521CD6CC0004162F1 /* Extensions and Utilities */,
				1F1BF53421CD6CB9004162F1 /* Models */,
				1F1BF50021CC7962004162F1 /* ViewControllesrs */,
				ACCF588F21CB1D9D00A3A83F /* Services */,
				ACCF587721CB143500A3A83F /* AppDelegate.swift */,
				ACCF587B21CB143500A3A83F /* Main.storyboard */,
				1F4E9B2921DFF589009E50FD /* Onboarding.storyboard */,
				ACCF588021CB143600A3A83F /* LaunchScreen.storyboard */,
				ACCF587E21CB143600A3A83F /* Assets.xcassets */,
				ACCF588321CB143600A3A83F /* Info.plist */,
			);
			path = passGUI;
			sourceTree = "<group>";
		};
		ACCF588921CB1C6D00A3A83F /* Frameworks */ = {
			isa = PBXGroup;
			children = (
				1F0D9D6021D508FD0014ED45 /* KeychainSwift.framework */,
				1F0D9D5821D263290014ED45 /* ObjectivePGP.framework */,
				1F1BF50321CC7E6B004162F1 /* Aspects.framework */,
				1F1BF4FE21CC658E004162F1 /* Perform.framework */,
				ACCF588A21CB1C6D00A3A83F /* Result.framework */,
				ACCF588B21CB1C6D00A3A83F /* SwiftGit2.framework */,
				1F99E24D21D6A71D00A7F929 /* AuthenticationServices.framework */,
			);
			name = Frameworks;
			sourceTree = "<group>";
		};
		ACCF588F21CB1D9D00A3A83F /* Services */ = {
			isa = PBXGroup;
			children = (
				ACCF589021CB1DDF00A3A83F /* PersistentGit.swift */,
				1F4E9B2721DFC57B009E50FD /* ErrorAlerts.swift */,
				1F4E9B2B21DFF934009E50FD /* FSWatcher.swift */,
			);
			path = Services;
			sourceTree = "<group>";
		};
/* End PBXGroup section */

/* Begin PBXNativeTarget section */
		1F99E24B21D6A71D00A7F929 /* AutofillProvider */ = {
			isa = PBXNativeTarget;
			buildConfigurationList = 1F99E25C21D6A71D00A7F929 /* Build configuration list for PBXNativeTarget "AutofillProvider" */;
			buildPhases = (
				1F99E24821D6A71D00A7F929 /* Sources */,
				1F99E24921D6A71D00A7F929 /* Frameworks */,
				1F99E24A21D6A71D00A7F929 /* Resources */,
				1F235F4E21D7BD4B008CB194 /* Copy Files */,
			);
			buildRules = (
			);
			dependencies = (
			);
			name = AutofillProvider;
			productName = AutofillProvider;
			productReference = 1F99E24C21D6A71D00A7F929 /* AutofillProvider.appex */;
			productType = "com.apple.product-type.app-extension";
		};
		ACCF587321CB143500A3A83F /* passGUI */ = {
			isa = PBXNativeTarget;
			buildConfigurationList = ACCF588621CB143600A3A83F /* Build configuration list for PBXNativeTarget "passGUI" */;
			buildPhases = (
				ACCF587021CB143500A3A83F /* Sources */,
				ACCF587121CB143500A3A83F /* Frameworks */,
				ACCF587221CB143500A3A83F /* Resources */,
				ACCF588E21CB1C9000A3A83F /* ShellScript */,
				1F0D9D5521D2627F0014ED45 /* Embed ObjectivePGP */,
				1F99E25D21D6A71D00A7F929 /* Embed App Extensions */,
			);
			buildRules = (
			);
			dependencies = (
				1F99E25821D6A71D00A7F929 /* PBXTargetDependency */,
			);
			name = passGUI;
			productName = passGUI;
			productReference = ACCF587421CB143500A3A83F /* passGUI.app */;
			productType = "com.apple.product-type.application";
		};
/* End PBXNativeTarget section */

/* Begin PBXProject section */
		ACCF586C21CB143500A3A83F /* Project object */ = {
			isa = PBXProject;
			attributes = {
				LastSwiftUpdateCheck = 1010;
				LastUpgradeCheck = 1010;
				ORGANIZATIONNAME = "Sid Raval";
				TargetAttributes = {
					1F99E24B21D6A71D00A7F929 = {
						CreatedOnToolsVersion = 10.1;
						SystemCapabilities = {
							com.apple.ApplicationGroups.iOS = {
								enabled = 1;
							};
							com.apple.Keychain = {
								enabled = 1;
							};
						};
					};
					ACCF587321CB143500A3A83F = {
						CreatedOnToolsVersion = 10.1;
						SystemCapabilities = {
							com.apple.ApplicationGroups.iOS = {
								enabled = 1;
							};
							com.apple.DataProtection = {
								enabled = 1;
							};
							com.apple.Keychain = {
								enabled = 1;
							};
						};
					};
				};
			};
			buildConfigurationList = ACCF586F21CB143500A3A83F /* Build configuration list for PBXProject "passGUI" */;
			compatibilityVersion = "Xcode 9.3";
			developmentRegion = en;
			hasScannedForEncodings = 0;
			knownRegions = (
				en,
				Base,
			);
			mainGroup = ACCF586B21CB143500A3A83F;
			productRefGroup = ACCF587521CB143500A3A83F /* Products */;
			projectDirPath = "";
			projectRoot = "";
			targets = (
				ACCF587321CB143500A3A83F /* passGUI */,
				1F99E24B21D6A71D00A7F929 /* AutofillProvider */,
			);
		};
/* End PBXProject section */

/* Begin PBXResourcesBuildPhase section */
		1F99E24A21D6A71D00A7F929 /* Resources */ = {
			isa = PBXResourcesBuildPhase;
			buildActionMask = 2147483647;
			files = (
				1F235F5D21D81379008CB194 /* FindPasswordFlow.storyboard in Resources */,
				1F99E25421D6A71D00A7F929 /* MainInterface.storyboard in Resources */,
			);
			runOnlyForDeploymentPostprocessing = 0;
		};
		ACCF587221CB143500A3A83F /* Resources */ = {
			isa = PBXResourcesBuildPhase;
			buildActionMask = 2147483647;
			files = (
				ACCF588221CB143600A3A83F /* LaunchScreen.storyboard in Resources */,
				1F4E9B2A21DFF589009E50FD /* Onboarding.storyboard in Resources */,
				ACCF587F21CB143600A3A83F /* Assets.xcassets in Resources */,
				1F235F5C21D81379008CB194 /* FindPasswordFlow.storyboard in Resources */,
				ACCF587D21CB143500A3A83F /* Main.storyboard in Resources */,
			);
			runOnlyForDeploymentPostprocessing = 0;
		};
/* End PBXResourcesBuildPhase section */

/* Begin PBXShellScriptBuildPhase section */
		ACCF588E21CB1C9000A3A83F /* ShellScript */ = {
			isa = PBXShellScriptBuildPhase;
			buildActionMask = 2147483647;
			files = (
			);
			inputFileListPaths = (
			);
			inputPaths = (
				"$(SRCROOT)/Carthage/Build/iOS/Result.framework",
				"$(SRCROOT)/Carthage/Build/iOS/SwiftGit2.framework",
				"$(SRCROOT)/Carthage/Build/iOS/Perform.framework",
				"$(SRCROOT)/Carthage/Build/iOS/Aspects.framework",
				"$(SRCROOT)/Carthage/Build/iOS/KeychainSwift.framework",
			);
			outputFileListPaths = (
			);
			outputPaths = (
				"$(BUILT_PRODUCTS_DIR)/$(FRAMEWORKS_FOLDER_PATH)/Result.framework",
				"$(BUILT_PRODUCTS_DIR)/$(FRAMEWORKS_FOLDER_PATH)/SwiftGit2.framework",
				"$(BUILT_PRODUCTS_DIR)/$(FRAMEWORKS_FOLDER_PATH)/Perform.framework",
				"$(BUILT_PRODUCTS_DIR)/$(FRAMEWORKS_FOLDER_PATH)/Aspects.framework",
				"$(BUILT_PRODUCTS_DIR)/$(FRAMEWORKS_FOLDER_PATH)/KeychainSwift.framework",
			);
			runOnlyForDeploymentPostprocessing = 0;
			shellPath = /bin/sh;
			shellScript = "/usr/local/bin/carthage copy-frameworks\n";
		};
/* End PBXShellScriptBuildPhase section */

/* Begin PBXSourcesBuildPhase section */
		1F99E24821D6A71D00A7F929 /* Sources */ = {
			isa = PBXSourcesBuildPhase;
			buildActionMask = 2147483647;
			files = (
				1F99E25121D6A71D00A7F929 /* CredentialProviderViewController.swift in Sources */,
				1FB3BEF921EB7E1500D1184E /* Navigator.swift in Sources */,
				1F235F6D21D83469008CB194 /* UsernamesDataSource.swift in Sources */,
				1F235F6E21D83471008CB194 /* UsenameCell.swift in Sources */,
				1F235F6621D8189F008CB194 /* Username.swift in Sources */,
				1F235F6021D816A7008CB194 /* ViewPasswordDirectoriesController.swift in Sources */,
				1F235F6921D81AB4008CB194 /* DirectoryCell.swift in Sources */,
				1F235F6C21D8341E008CB194 /* ViewPasswordsViewController.swift in Sources */,
				1F235F7621D8421A008CB194 /* PasswordDecryptor.swift in Sources */,
				1F235F6421D8185B008CB194 /* DirectoriesDataSource.swift in Sources */,
				1F235F7121D83578008CB194 /* PasswordSelectionDelegate.swift in Sources */,
				1F235F6B21D83315008CB194 /* FSReader.swift in Sources */,
				1F235F6821D8194F008CB194 /* DirectoriesTableViewDataSource.swift in Sources */,
				1F235F6521D8189C008CB194 /* Directory.swift in Sources */,
				1F03610921D943390044E5A1 /* CredentialProvider.swift in Sources */,
				1FDB3A2821D88C6000BC2795 /* BiometricAuth.swift in Sources */,
				1F235F7521D841D4008CB194 /* Keychain.swift in Sources */,
			);
			runOnlyForDeploymentPostprocessing = 0;
		};
		ACCF587021CB143500A3A83F /* Sources */ = {
			isa = PBXSourcesBuildPhase;
			buildActionMask = 2147483647;
			files = (
				1F235F7321D835F2008CB194 /* ViewPasswordsViewController+PasswordSelectionDelegate.swift in Sources */,
				1F8BA99021D671B70010D61B /* Error.swift in Sources */,
				1F1BF53721CD6CCE004162F1 /* Directory.swift in Sources */,
				1F8BA98E21D671A50010D61B /* Username.swift in Sources */,
				1F4E9B4121E6DE1F009E50FD /* DetectPGPKeyViewController.swift in Sources */,
				1FB3BEF821EB7E1500D1184E /* Navigator.swift in Sources */,
				1F0D9D5D21D264310014ED45 /* PasswordDecryptor.swift in Sources */,
				1F4E9B2C21DFF934009E50FD /* FSWatcher.swift in Sources */,
				1F1BF53021CD47A6004162F1 /* DirectoriesTableViewDataSource.swift in Sources */,
				ACCF589121CB1DDF00A3A83F /* PersistentGit.swift in Sources */,
				1F0D9D4F21CFD16F0014ED45 /* ViewPasswordsViewController.swift in Sources */,
				1F235F6321D8185B008CB194 /* DirectoriesDataSource.swift in Sources */,
				1F235F5F21D8154C008CB194 /* Segue.swift in Sources */,
				1F1BF50221CC79D9004162F1 /* ViewPasswordDirectoriesController.swift in Sources */,
				1F4E9B2821DFC57B009E50FD /* ErrorAlerts.swift in Sources */,
				1F235F7021D83578008CB194 /* PasswordSelectionDelegate.swift in Sources */,
				1F1BF53321CD4FB9004162F1 /* DirectoryCell.swift in Sources */,
				ACCF587A21CB143500A3A83F /* FetchPasswordRepoViewController.swift in Sources */,
				ACCF587821CB143500A3A83F /* AppDelegate.swift in Sources */,
				1F8BA99421D681DB0010D61B /* NavigationViewController.swift in Sources */,
				1F0D9D5121D10DDA0014ED45 /* UsernamesDataSource.swift in Sources */,
				1F0D9D5321D117E10014ED45 /* UsenameCell.swift in Sources */,
				1F0D9D5F21D3C0020014ED45 /* BiometricAuth.swift in Sources */,
				1F0D9D6321D50EE50014ED45 /* Keychain.swift in Sources */,
			);
			runOnlyForDeploymentPostprocessing = 0;
		};
/* End PBXSourcesBuildPhase section */

/* Begin PBXTargetDependency section */
		1F99E25821D6A71D00A7F929 /* PBXTargetDependency */ = {
			isa = PBXTargetDependency;
			target = 1F99E24B21D6A71D00A7F929 /* AutofillProvider */;
			targetProxy = 1F99E25721D6A71D00A7F929 /* PBXContainerItemProxy */;
		};
/* End PBXTargetDependency section */

/* Begin PBXVariantGroup section */
		1F235F5A21D81379008CB194 /* FindPasswordFlow.storyboard */ = {
			isa = PBXVariantGroup;
			children = (
				1F235F5B21D81379008CB194 /* Base */,
			);
			name = FindPasswordFlow.storyboard;
			sourceTree = "<group>";
		};
		1F99E25221D6A71D00A7F929 /* MainInterface.storyboard */ = {
			isa = PBXVariantGroup;
			children = (
				1F99E25321D6A71D00A7F929 /* Base */,
			);
			name = MainInterface.storyboard;
			sourceTree = "<group>";
		};
		ACCF587B21CB143500A3A83F /* Main.storyboard */ = {
			isa = PBXVariantGroup;
			children = (
				ACCF587C21CB143500A3A83F /* Base */,
			);
			name = Main.storyboard;
			sourceTree = "<group>";
		};
		ACCF588021CB143600A3A83F /* LaunchScreen.storyboard */ = {
			isa = PBXVariantGroup;
			children = (
				ACCF588121CB143600A3A83F /* Base */,
			);
			name = LaunchScreen.storyboard;
			sourceTree = "<group>";
		};
/* End PBXVariantGroup section */

/* Begin XCBuildConfiguration section */
		1F99E25A21D6A71D00A7F929 /* Debug */ = {
			isa = XCBuildConfiguration;
			buildSettings = {
				CODE_SIGN_ENTITLEMENTS = AutofillProvider/AutofillProvider.entitlements;
				CODE_SIGN_STYLE = Automatic;
				ENABLE_BITCODE = NO;
				FRAMEWORK_SEARCH_PATHS = (
					"$(inherited)",
					"$(PROJECT_DIR)/Vendor",
					"$(PROJECT_DIR)/Carthage/Build/iOS",
				);
				INFOPLIST_FILE = AutofillProvider/Info.plist;
				LD_RUNPATH_SEARCH_PATHS = (
					"$(inherited)",
					"@executable_path/Frameworks",
					"@executable_path/../../Frameworks",
				);
				PRODUCT_BUNDLE_IDENTIFIER = com.sidraval.passGUI.AutofillProvider;
				PRODUCT_NAME = "$(TARGET_NAME)";
				SKIP_INSTALL = YES;
				SWIFT_VERSION = 4.2;
				TARGETED_DEVICE_FAMILY = "1,2";
			};
			name = Debug;
		};
		1F99E25B21D6A71D00A7F929 /* Release */ = {
			isa = XCBuildConfiguration;
			buildSettings = {
				CODE_SIGN_ENTITLEMENTS = AutofillProvider/AutofillProvider.entitlements;
				CODE_SIGN_STYLE = Automatic;
				ENABLE_BITCODE = NO;
				FRAMEWORK_SEARCH_PATHS = (
					"$(inherited)",
					"$(PROJECT_DIR)/Vendor",
					"$(PROJECT_DIR)/Carthage/Build/iOS",
				);
				INFOPLIST_FILE = AutofillProvider/Info.plist;
				LD_RUNPATH_SEARCH_PATHS = (
					"$(inherited)",
					"@executable_path/Frameworks",
					"@executable_path/../../Frameworks",
				);
				PRODUCT_BUNDLE_IDENTIFIER = com.sidraval.passGUI.AutofillProvider;
				PRODUCT_NAME = "$(TARGET_NAME)";
				SKIP_INSTALL = YES;
				SWIFT_VERSION = 4.2;
				TARGETED_DEVICE_FAMILY = "1,2";
			};
			name = Release;
		};
		ACCF588421CB143600A3A83F /* Debug */ = {
			isa = XCBuildConfiguration;
			buildSettings = {
				ALWAYS_SEARCH_USER_PATHS = NO;
				CLANG_ANALYZER_NONNULL = YES;
				CLANG_ANALYZER_NUMBER_OBJECT_CONVERSION = YES_AGGRESSIVE;
				CLANG_CXX_LANGUAGE_STANDARD = "gnu++14";
				CLANG_CXX_LIBRARY = "libc++";
				CLANG_ENABLE_MODULES = YES;
				CLANG_ENABLE_OBJC_ARC = YES;
				CLANG_ENABLE_OBJC_WEAK = YES;
				CLANG_WARN_BLOCK_CAPTURE_AUTORELEASING = YES;
				CLANG_WARN_BOOL_CONVERSION = YES;
				CLANG_WARN_COMMA = YES;
				CLANG_WARN_CONSTANT_CONVERSION = YES;
				CLANG_WARN_DEPRECATED_OBJC_IMPLEMENTATIONS = YES;
				CLANG_WARN_DIRECT_OBJC_ISA_USAGE = YES_ERROR;
				CLANG_WARN_DOCUMENTATION_COMMENTS = YES;
				CLANG_WARN_EMPTY_BODY = YES;
				CLANG_WARN_ENUM_CONVERSION = YES;
				CLANG_WARN_INFINITE_RECURSION = YES;
				CLANG_WARN_INT_CONVERSION = YES;
				CLANG_WARN_NON_LITERAL_NULL_CONVERSION = YES;
				CLANG_WARN_OBJC_IMPLICIT_RETAIN_SELF = YES;
				CLANG_WARN_OBJC_LITERAL_CONVERSION = YES;
				CLANG_WARN_OBJC_ROOT_CLASS = YES_ERROR;
				CLANG_WARN_RANGE_LOOP_ANALYSIS = YES;
				CLANG_WARN_STRICT_PROTOTYPES = YES;
				CLANG_WARN_SUSPICIOUS_MOVE = YES;
				CLANG_WARN_UNGUARDED_AVAILABILITY = YES_AGGRESSIVE;
				CLANG_WARN_UNREACHABLE_CODE = YES;
				CLANG_WARN__DUPLICATE_METHOD_MATCH = YES;
				CODE_SIGN_IDENTITY = "iPhone Developer";
				COPY_PHASE_STRIP = NO;
				DEBUG_INFORMATION_FORMAT = dwarf;
				ENABLE_STRICT_OBJC_MSGSEND = YES;
				ENABLE_TESTABILITY = YES;
				GCC_C_LANGUAGE_STANDARD = gnu11;
				GCC_DYNAMIC_NO_PIC = NO;
				GCC_NO_COMMON_BLOCKS = YES;
				GCC_OPTIMIZATION_LEVEL = 0;
				GCC_PREPROCESSOR_DEFINITIONS = (
					"DEBUG=1",
					"$(inherited)",
				);
				GCC_WARN_64_TO_32_BIT_CONVERSION = YES;
				GCC_WARN_ABOUT_RETURN_TYPE = YES_ERROR;
				GCC_WARN_UNDECLARED_SELECTOR = YES;
				GCC_WARN_UNINITIALIZED_AUTOS = YES_AGGRESSIVE;
				GCC_WARN_UNUSED_FUNCTION = YES;
				GCC_WARN_UNUSED_VARIABLE = YES;
				IPHONEOS_DEPLOYMENT_TARGET = 12.1;
				MTL_ENABLE_DEBUG_INFO = INCLUDE_SOURCE;
				MTL_FAST_MATH = YES;
				ONLY_ACTIVE_ARCH = YES;
				SDKROOT = iphoneos;
				SWIFT_ACTIVE_COMPILATION_CONDITIONS = DEBUG;
				SWIFT_OPTIMIZATION_LEVEL = "-Onone";
			};
			name = Debug;
		};
		ACCF588521CB143600A3A83F /* Release */ = {
			isa = XCBuildConfiguration;
			buildSettings = {
				ALWAYS_SEARCH_USER_PATHS = NO;
				CLANG_ANALYZER_NONNULL = YES;
				CLANG_ANALYZER_NUMBER_OBJECT_CONVERSION = YES_AGGRESSIVE;
				CLANG_CXX_LANGUAGE_STANDARD = "gnu++14";
				CLANG_CXX_LIBRARY = "libc++";
				CLANG_ENABLE_MODULES = YES;
				CLANG_ENABLE_OBJC_ARC = YES;
				CLANG_ENABLE_OBJC_WEAK = YES;
				CLANG_WARN_BLOCK_CAPTURE_AUTORELEASING = YES;
				CLANG_WARN_BOOL_CONVERSION = YES;
				CLANG_WARN_COMMA = YES;
				CLANG_WARN_CONSTANT_CONVERSION = YES;
				CLANG_WARN_DEPRECATED_OBJC_IMPLEMENTATIONS = YES;
				CLANG_WARN_DIRECT_OBJC_ISA_USAGE = YES_ERROR;
				CLANG_WARN_DOCUMENTATION_COMMENTS = YES;
				CLANG_WARN_EMPTY_BODY = YES;
				CLANG_WARN_ENUM_CONVERSION = YES;
				CLANG_WARN_INFINITE_RECURSION = YES;
				CLANG_WARN_INT_CONVERSION = YES;
				CLANG_WARN_NON_LITERAL_NULL_CONVERSION = YES;
				CLANG_WARN_OBJC_IMPLICIT_RETAIN_SELF = YES;
				CLANG_WARN_OBJC_LITERAL_CONVERSION = YES;
				CLANG_WARN_OBJC_ROOT_CLASS = YES_ERROR;
				CLANG_WARN_RANGE_LOOP_ANALYSIS = YES;
				CLANG_WARN_STRICT_PROTOTYPES = YES;
				CLANG_WARN_SUSPICIOUS_MOVE = YES;
				CLANG_WARN_UNGUARDED_AVAILABILITY = YES_AGGRESSIVE;
				CLANG_WARN_UNREACHABLE_CODE = YES;
				CLANG_WARN__DUPLICATE_METHOD_MATCH = YES;
				CODE_SIGN_IDENTITY = "iPhone Developer";
				COPY_PHASE_STRIP = NO;
				DEBUG_INFORMATION_FORMAT = "dwarf-with-dsym";
				ENABLE_NS_ASSERTIONS = NO;
				ENABLE_STRICT_OBJC_MSGSEND = YES;
				GCC_C_LANGUAGE_STANDARD = gnu11;
				GCC_NO_COMMON_BLOCKS = YES;
				GCC_WARN_64_TO_32_BIT_CONVERSION = YES;
				GCC_WARN_ABOUT_RETURN_TYPE = YES_ERROR;
				GCC_WARN_UNDECLARED_SELECTOR = YES;
				GCC_WARN_UNINITIALIZED_AUTOS = YES_AGGRESSIVE;
				GCC_WARN_UNUSED_FUNCTION = YES;
				GCC_WARN_UNUSED_VARIABLE = YES;
				IPHONEOS_DEPLOYMENT_TARGET = 12.1;
				MTL_ENABLE_DEBUG_INFO = NO;
				MTL_FAST_MATH = YES;
				SDKROOT = iphoneos;
				SWIFT_COMPILATION_MODE = wholemodule;
				SWIFT_OPTIMIZATION_LEVEL = "-O";
				VALIDATE_PRODUCT = YES;
			};
			name = Release;
		};
		ACCF588721CB143600A3A83F /* Debug */ = {
			isa = XCBuildConfiguration;
			buildSettings = {
				ALWAYS_EMBED_SWIFT_STANDARD_LIBRARIES = YES;
				ASSETCATALOG_COMPILER_APPICON_NAME = AppIcon;
				CODE_SIGN_ENTITLEMENTS = passGUI/passGUI.entitlements;
				CODE_SIGN_STYLE = Automatic;
				ENABLE_BITCODE = NO;
				FRAMEWORK_SEARCH_PATHS = (
					"$(inherited)",
					"$(PROJECT_DIR)/Carthage/Build/iOS",
					"$(PROJECT_DIR)/Vendor",
				);
				INFOPLIST_FILE = passGUI/Info.plist;
				LD_RUNPATH_SEARCH_PATHS = (
					"$(inherited)",
					"@executable_path/Frameworks",
				);
				PRODUCT_BUNDLE_IDENTIFIER = com.sidraval.passGUI;
				PRODUCT_NAME = "$(TARGET_NAME)";
				SWIFT_VERSION = 4.2;
				TARGETED_DEVICE_FAMILY = "1,2";
			};
			name = Debug;
		};
		ACCF588821CB143600A3A83F /* Release */ = {
			isa = XCBuildConfiguration;
			buildSettings = {
				ALWAYS_EMBED_SWIFT_STANDARD_LIBRARIES = YES;
				ASSETCATALOG_COMPILER_APPICON_NAME = AppIcon;
				CODE_SIGN_ENTITLEMENTS = passGUI/passGUI.entitlements;
				CODE_SIGN_STYLE = Automatic;
				ENABLE_BITCODE = NO;
				FRAMEWORK_SEARCH_PATHS = (
					"$(inherited)",
					"$(PROJECT_DIR)/Carthage/Build/iOS",
					"$(PROJECT_DIR)/Vendor",
				);
				INFOPLIST_FILE = passGUI/Info.plist;
				LD_RUNPATH_SEARCH_PATHS = (
					"$(inherited)",
					"@executable_path/Frameworks",
				);
				PRODUCT_BUNDLE_IDENTIFIER = com.sidraval.passGUI;
				PRODUCT_NAME = "$(TARGET_NAME)";
				SWIFT_VERSION = 4.2;
				TARGETED_DEVICE_FAMILY = "1,2";
			};
			name = Release;
		};
/* End XCBuildConfiguration section */

/* Begin XCConfigurationList section */
		1F99E25C21D6A71D00A7F929 /* Build configuration list for PBXNativeTarget "AutofillProvider" */ = {
			isa = XCConfigurationList;
			buildConfigurations = (
				1F99E25A21D6A71D00A7F929 /* Debug */,
				1F99E25B21D6A71D00A7F929 /* Release */,
			);
			defaultConfigurationIsVisible = 0;
			defaultConfigurationName = Release;
		};
		ACCF586F21CB143500A3A83F /* Build configuration list for PBXProject "passGUI" */ = {
			isa = XCConfigurationList;
			buildConfigurations = (
				ACCF588421CB143600A3A83F /* Debug */,
				ACCF588521CB143600A3A83F /* Release */,
			);
			defaultConfigurationIsVisible = 0;
			defaultConfigurationName = Release;
		};
		ACCF588621CB143600A3A83F /* Build configuration list for PBXNativeTarget "passGUI" */ = {
			isa = XCConfigurationList;
			buildConfigurations = (
				ACCF588721CB143600A3A83F /* Debug */,
				ACCF588821CB143600A3A83F /* Release */,
			);
			defaultConfigurationIsVisible = 0;
			defaultConfigurationName = Release;
		};
/* End XCConfigurationList section */
	};
	rootObject = ACCF586C21CB143500A3A83F /* Project object */;
}
